
Microsoft Visual Studio Solution File, Format Version 12.00
Project("{FAE04EC0-301F-11D3-BF4B-00C04F79EFBC}") = "API", "API\API.csproj", "{93AE729C-EACC-4782-A756-6F79D9F8AFFF}"
EndProject
Global
	GlobalSection(SolutionConfigurationPlatforms) = preSolution
		Debug|Any CPU = Debug|Any CPU
		Release|Any CPU = Release|Any CPU
	EndGlobalSection
	GlobalSection(ProjectConfigurationPlatforms) = postSolution
		{93AE729C-EACC-4782-A756-6F79D9F8AFFF}.Debug|Any CPU.ActiveCfg = Debug|Any CPU
		{93AE729C-EACC-4782-A756-6F79D9F8AFFF}.Debug|Any CPU.Build.0 = Debug|Any CPU
		{93AE729C-EACC-4782-A756-6F79D9F8AFFF}.Release|Any CPU.ActiveCfg = Release|Any CPU
		{93AE729C-EACC-4782-A756-6F79D9F8AFFF}.Release|Any CPU.Build.0 = Release|Any CPU
	EndGlobalSection
EndGlobal
